{
  "name": "py_backend",
  "lockfileVersion": 2,
  "requires": true,
  "packages": {
    "": {
      "dependencies": {
        "solidity-dynamic-array": "^0.4.0"
      }
    },
    "node_modules/solidity-dynamic-array": {
      "version": "0.4.0",
      "resolved": "https://registry.npmjs.org/solidity-dynamic-array/-/solidity-dynamic-array-0.4.0.tgz",
      "integrity": "sha512-6jAsPD820K1f9Gekppv08q4gWZaUlf7+Arys0Qei2htOUJQO+yKSXYfKcv0E1Fwi0fMI3nkUqMA3NKexLStdxA=="
    }
  },
  "dependencies": {
    "solidity-dynamic-array": {
      "version": "0.4.0",
      "resolved": "https://registry.npmjs.org/solidity-dynamic-array/-/solidity-dynamic-array-0.4.0.tgz",
      "integrity": "sha512-6jAsPD820K1f9Gekppv08q4gWZaUlf7+Arys0Qei2htOUJQO+yKSXYfKcv0E1Fwi0fMI3nkUqMA3NKexLStdxA=="
    }
  }
}
